// !$*UTF8*$!
{
	archiveVersion = 1;
	classes = {
	};
	objectVersion = 56;
	objects = {

/* Begin PBXBuildFile section */
		1E97A16F20A6497A9FACE000 /* WeekView.swift in Sources */ = {isa = PBXBuildFile; fileRef = 5480E9BFA5EB4B05AB7B37DB /* WeekView.swift */; };
		35F0E7B97C944AEC9465837C /* NotificationManager.swift in Sources */ = {isa = PBXBuildFile; fileRef = 4EF18332BDB441DBAE810D9D /* NotificationManager.swift */; };
		438A95244BBC4DE7B290D017 /* EventListView.swift in Sources */ = {isa = PBXBuildFile; fileRef = 9D4B2C8177DC4ED7A28D0A59 /* EventListView.swift */; };
		8073653F227847CFA372E302 /* EventDetailView.swift in Sources */ = {isa = PBXBuildFile; fileRef = 2EBAB9C9F50E46E88C5EE143 /* EventDetailView.swift */; };
		88BAC9619FB54B5DB235F0BD /* Event.swift in Sources */ = {isa = PBXBuildFile; fileRef = 0A25716919BC4E52B7196896 /* Event.swift */; };
		8DF0D13850244588AE7060D4 /* CalendarViewModel.swift in Sources */ = {isa = PBXBuildFile; fileRef = 2FB193A3C17A4EB5A15E679D /* CalendarViewModel.swift */; };
		9790F2BE1B6E451DA1750E68 /* AddEventView.swift in Sources */ = {isa = PBXBuildFile; fileRef = D16EBBD370D24D53BB99D658 /* AddEventView.swift */; };
		9EFBC26B0A4E486DBF6E3FFD /* HolidayManager.swift in Sources */ = {isa = PBXBuildFile; fileRef = BF32F27B000742AC8383CC76 /* HolidayManager.swift */; };
		C738DAAB65D14D1296D85F52 /* CalendarAppApp.swift in Sources */ = {isa = PBXBuildFile; fileRef = 78325F8F38294F97ACE8A6EF /* CalendarAppApp.swift */; };
		D8D3AC2265484A74BC52050C /* ContentView.swift in Sources */ = {isa = PBXBuildFile; fileRef = 97045CFAAD1C46E2889E0459 /* ContentView.swift */; };
		DF46DEE8482345F796A3AE10 /* MonthView.swift in Sources */ = {isa = PBXBuildFile; fileRef = C7FBCD4777F34670B0702439 /* MonthView.swift */; };
		E4914508F03C4700B0372B0F /* Assets.xcassets in Resources */ = {isa = PBXBuildFile; fileRef = 6DC2F61A192C431CAA8809D6 /* Assets.xcassets */; };
/* End PBXBuildFile section */

/* Begin PBXFileReference section */
		0A25716919BC4E52B7196896 /* Event.swift */ = {isa = PBXFileReference; lastKnownFileType = sourcecode.swift; path = Event.swift; sourceTree = "<group>"; };
		163E1DDB86E24630A57EC168 /* CalendarApp.app */ = {isa = PBXFileReference; explicitFileType = wrapper.application; includeInIndex = 0; path = CalendarApp.app; sourceTree = BUILT_PRODUCTS_DIR; };
		2EBAB9C9F50E46E88C5EE143 /* EventDetailView.swift */ = {isa = PBXFileReference; lastKnownFileType = sourcecode.swift; path = EventDetailView.swift; sourceTree = "<group>"; };
		2FB193A3C17A4EB5A15E679D /* CalendarViewModel.swift */ = {isa = PBXFileReference; lastKnownFileType = sourcecode.swift; path = CalendarViewModel.swift; sourceTree = "<group>"; };
		4EF18332BDB441DBAE810D9D /* NotificationManager.swift */ = {isa = PBXFileReference; lastKnownFileType = sourcecode.swift; path = NotificationManager.swift; sourceTree = "<group>"; };
		5480E9BFA5EB4B05AB7B37DB /* WeekView.swift */ = {isa = PBXFileReference; lastKnownFileType = sourcecode.swift; path = WeekView.swift; sourceTree = "<group>"; };
		6DC2F61A192C431CAA8809D6 /* Assets.xcassets */ = {isa = PBXFileReference; lastKnownFileType = folder.assetcatalog; path = Assets.xcassets; sourceTree = "<group>"; };
		78325F8F38294F97ACE8A6EF /* CalendarAppApp.swift */ = {isa = PBXFileReference; lastKnownFileType = sourcecode.swift; path = CalendarAppApp.swift; sourceTree = "<group>"; };
		97045CFAAD1C46E2889E0459 /* ContentView.swift */ = {isa = PBXFileReference; lastKnownFileType = sourcecode.swift; path = ContentView.swift; sourceTree = "<group>"; };
		9D4B2C8177DC4ED7A28D0A59 /* EventListView.swift */ = {isa = PBXFileReference; lastKnownFileType = sourcecode.swift; path = EventListView.swift; sourceTree = "<group>"; };
		BF32F27B000742AC8383CC76 /* HolidayManager.swift */ = {isa = PBXFileReference; lastKnownFileType = sourcecode.swift; path = HolidayManager.swift; sourceTree = "<group>"; };
		C7FBCD4777F34670B0702439 /* MonthView.swift */ = {isa = PBXFileReference; lastKnownFileType = sourcecode.swift; path = MonthView.swift; sourceTree = "<group>"; };
		D16EBBD370D24D53BB99D658 /* AddEventView.swift */ = {isa = PBXFileReference; lastKnownFileType = sourcecode.swift; path = AddEventView.swift; sourceTree = "<group>"; };
/* End PBXFileReference section */

/* Begin PBXFrameworksBuildPhase section */
		53047D9C96A74372AEE5A101 /* Frameworks */ = {
			isa = PBXFrameworksBuildPhase;
			buildActionMask = 2147483647;
			files = (
			);
			runOnlyForDeploymentPostprocessing = 0;
		};
/* End PBXFrameworksBuildPhase section */

/* Begin PBXGroup section */
		5586886F01F04201813C4969 /* Managers */ = {
			isa = PBXGroup;
			children = (
				4EF18332BDB441DBAE810D9D /* NotificationManager.swift */,
			);
			path = Managers;
			sourceTree = "<group>";
		};
		583FA8F2050D44CCAD567EC1 = {
			isa = PBXGroup;
			children = (
				5FB711D58D794E83B13D7A7E /* CalendarApp */,
				6D54D7890EB64826B888237C /* Products */,
			);
			sourceTree = "<group>";
		};
		5FB711D58D794E83B13D7A7E /* CalendarApp */ = {
			isa = PBXGroup;
			children = (
				78325F8F38294F97ACE8A6EF /* CalendarAppApp.swift */,
				C2F826E8562B4121BEC8BC3E /* Models */,
				D2975F3B7D39428799A7D4E0 /* ViewModels */,
				5586886F01F04201813C4969 /* Managers */,
				7A2AC1E5F28B4E77A0B7215A /* Views */,
				6DC2F61A192C431CAA8809D6 /* Assets.xcassets */,
			);
			path = CalendarApp;
			sourceTree = "<group>";
		};
		6D54D7890EB64826B888237C /* Products */ = {
			isa = PBXGroup;
			children = (
				163E1DDB86E24630A57EC168 /* CalendarApp.app */,
			);
			name = Products;
			sourceTree = "<group>";
		};
		7A2AC1E5F28B4E77A0B7215A /* Views */ = {
			isa = PBXGroup;
			children = (
				97045CFAAD1C46E2889E0459 /* ContentView.swift */,
				C7FBCD4777F34670B0702439 /* MonthView.swift */,
				5480E9BFA5EB4B05AB7B37DB /* WeekView.swift */,
				9D4B2C8177DC4ED7A28D0A59 /* EventListView.swift */,
				D16EBBD370D24D53BB99D658 /* AddEventView.swift */,
				2EBAB9C9F50E46E88C5EE143 /* EventDetailView.swift */,
			);
			path = Views;
			sourceTree = "<group>";
		};
		C2F826E8562B4121BEC8BC3E /* Models */ = {
			isa = PBXGroup;
			children = (
				0A25716919BC4E52B7196896 /* Event.swift */,
				BF32F27B000742AC8383CC76 /* HolidayManager.swift */,
			);
			path = Models;
			sourceTree = "<group>";
		};
		D2975F3B7D39428799A7D4E0 /* ViewModels */ = {
			isa = PBXGroup;
			children = (
				2FB193A3C17A4EB5A15E679D /* CalendarViewModel.swift */,
			);
			path = ViewModels;
			sourceTree = "<group>";
		};
/* End PBXGroup section */

/* Begin PBXNativeTarget section */
		3F8A4CA4254A4BB9BA689B4B /* CalendarApp */ = {
			isa = PBXNativeTarget;
			buildConfigurationList = C1D440052BCE428DA8485036 /* Build configuration list for PBXNativeTarget "CalendarApp" */;
			buildPhases = (
				FC4100AF216642C390451C5A /* Sources */,
				53047D9C96A74372AEE5A101 /* Frameworks */,
				A2C1CA18FD5A4A61AB8A26EE /* Resources */,
			);
			buildRules = (
			);
			dependencies = (
			);
			name = CalendarApp;
			productName = CalendarApp;
			productReference = 163E1DDB86E24630A57EC168 /* CalendarApp.app */;
			productType = "com.apple.product-type.application";
		};
/* End PBXNativeTarget section */

/* Begin PBXProject section */
		C881B1324E4F426CB6A667BE /* Project object */ = {
			isa = PBXProject;
			attributes = {
				BuildIndependentTargetsInParallel = 1;
				LastSwiftUpdateCheck = 1500;
				LastUpgradeCheck = 1500;
				TargetAttributes = {
					3F8A4CA4254A4BB9BA689B4B = {
						CreatedOnToolsVersion = 15.0;
					};
				};
			};
			buildConfigurationList = 4BCFFCDF701245E5AB468947 /* Build configuration list for PBXProject "CalendarApp" */;
			compatibilityVersion = "Xcode 14.0";
			developmentRegion = ko;
			hasScannedForEncodings = 0;
			knownRegions = (
				ko,
				en,
				Base,
			);
			mainGroup = 583FA8F2050D44CCAD567EC1;
			productRefGroup = 6D54D7890EB64826B888237C /* Products */;
			projectDirPath = "";
			projectRoot = "";
			targets = (
				3F8A4CA4254A4BB9BA689B4B /* CalendarApp */,
			);
		};
/* End PBXProject section */

/* Begin PBXResourcesBuildPhase section */
		A2C1CA18FD5A4A61AB8A26EE /* Resources */ = {
			isa = PBXResourcesBuildPhase;
			buildActionMask = 2147483647;
			files = (
				E4914508F03C4700B0372B0F /* Assets.xcassets in Resources */,
			);
			runOnlyForDeploymentPostprocessing = 0;
		};
/* End PBXResourcesBuildPhase section */

/* Begin PBXSourcesBuildPhase section */
		FC4100AF216642C390451C5A /* Sources */ = {
			isa = PBXSourcesBuildPhase;
			buildActionMask = 2147483647;
			files = (
				C738DAAB65D14D1296D85F52 /* CalendarAppApp.swift in Sources */,
				88BAC9619FB54B5DB235F0BD /* Event.swift in Sources */,
				9EFBC26B0A4E486DBF6E3FFD /* HolidayManager.swift in Sources */,
				8DF0D13850244588AE7060D4 /* CalendarViewModel.swift in Sources */,
				35F0E7B97C944AEC9465837C /* NotificationManager.swift in Sources */,
				D8D3AC2265484A74BC52050C /* ContentView.swift in Sources */,
				DF46DEE8482345F796A3AE10 /* MonthView.swift in Sources */,
				1E97A16F20A6497A9FACE000 /* WeekView.swift in Sources */,
				438A95244BBC4DE7B290D017 /* EventListView.swift in Sources */,
				9790F2BE1B6E451DA1750E68 /* AddEventView.swift in Sources */,
				8073653F227847CFA372E302 /* EventDetailView.swift in Sources */,
			);
			runOnlyForDeploymentPostprocessing = 0;
		};
/* End PBXSourcesBuildPhase section */

/* Begin XCBuildConfiguration section */
		37EADB358D5A4FFF9BAA2BD8 /* Release */ = {
			isa = XCBuildConfiguration;
			buildSettings = {
				ASSETCATALOG_COMPILER_APPICON_NAME = AppIcon;
				ASSETCATALOG_COMPILER_GLOBAL_ACCENT_COLOR_NAME = AccentColor;
				CODE_SIGN_STYLE = Automatic;
				CURRENT_PROJECT_VERSION = 1;
				DEVELOPMENT_TEAM = P9Q8686G87;
				ENABLE_PREVIEWS = YES;
				GENERATE_INFOPLIST_FILE = YES;
				INFOPLIST_KEY_NSUserNotificationUsageDescription = "일정 알림을 받기 위해 필요합니다.";
				INFOPLIST_KEY_UIApplicationSceneManifest_Generation = YES;
				INFOPLIST_KEY_UIApplicationSupportsIndirectInputEvents = YES;
				INFOPLIST_KEY_UILaunchScreen_Generation = YES;
				INFOPLIST_KEY_UISupportedInterfaceOrientations_iPad = "UIInterfaceOrientationPortrait UIInterfaceOrientationPortraitUpsideDown UIInterfaceOrientationLandscapeLeft UIInterfaceOrientationLandscapeRight";
				INFOPLIST_KEY_UISupportedInterfaceOrientations_iPhone = "UIInterfaceOrientationPortrait UIInterfaceOrientationLandscapeLeft UIInterfaceOrientationLandscapeRight";
				LD_RUNPATH_SEARCH_PATHS = (
					"$(inherited)",
					"@executable_path/Frameworks",
				);
				MARKETING_VERSION = 1.0;
				PRODUCT_BUNDLE_IDENTIFIER = com.example3.CalendarApp;
				PRODUCT_NAME = "$(TARGET_NAME)";
				SWIFT_EMIT_LOC_STRINGS = YES;
				SWIFT_VERSION = 5.0;
				TARGETED_DEVICE_FAMILY = "1,2";
			};
			name = Release;
		};
		43D54F4AC6A64655BD2A6E79 /* Debug */ = {
			isa = XCBuildConfiguration;
			buildSettings = {
				ALWAYS_SEARCH_USER_PATHS = NO;
				CLANG_ANALYZER_NONNULL = YES;
				CLANG_ENABLE_MODULES = YES;
				CLANG_ENABLE_OBJC_ARC = YES;
				COPY_PHASE_STRIP = NO;
				DEBUG_INFORMATION_FORMAT = dwarf;
				ENABLE_STRICT_OBJC_MSGSEND = YES;
				GCC_NO_COMMON_BLOCKS = YES;
				GCC_OPTIMIZATION_LEVEL = 0;
				IPHONEOS_DEPLOYMENT_TARGET = 17.0;
				MTL_ENABLE_DEBUG_INFO = INCLUDE_SOURCE;
				ONLY_ACTIVE_ARCH = YES;
				SDKROOT = iphoneos;
				SWIFT_ACTIVE_COMPILATION_CONDITIONS = DEBUG;
				SWIFT_OPTIMIZATION_LEVEL = "-Onone";
			};
			name = Debug;
		};
		ACAE664F511B423FA7CF4B3E /* Debug */ = {
			isa = XCBuildConfiguration;
			buildSettings = {
				ASSETCATALOG_COMPILER_APPICON_NAME = AppIcon;
				ASSETCATALOG_COMPILER_GLOBAL_ACCENT_COLOR_NAME = AccentColor;
				CODE_SIGN_STYLE = Automatic;
				CURRENT_PROJECT_VERSION = 1;
				DEVELOPMENT_TEAM = P9Q8686G87;
				ENABLE_PREVIEWS = YES;
				GENERATE_INFOPLIST_FILE = YES;
				INFOPLIST_KEY_NSUserNotificationUsageDescription = "일정 알림을 받기 위해 필요합니다.";
				INFOPLIST_KEY_UIApplicationSceneManifest_Generation = YES;
				INFOPLIST_KEY_UIApplicationSupportsIndirectInputEvents = YES;
				INFOPLIST_KEY_UILaunchScreen_Generation = YES;
				INFOPLIST_KEY_UISupportedInterfaceOrientations_iPad = "UIInterfaceOrientationPortrait UIInterfaceOrientationPortraitUpsideDown UIInterfaceOrientationLandscapeLeft UIInterfaceOrientationLandscapeRight";
				INFOPLIST_KEY_UISupportedInterfaceOrientations_iPhone = "UIInterfaceOrientationPortrait UIInterfaceOrientationLandscapeLeft UIInterfaceOrientationLandscapeRight";
				LD_RUNPATH_SEARCH_PATHS = (
					"$(inherited)",
					"@executable_path/Frameworks",
				);
				MARKETING_VERSION = 1.0;
				PRODUCT_BUNDLE_IDENTIFIER = com.example3.CalendarApp;
				PRODUCT_NAME = "$(TARGET_NAME)";
				SWIFT_EMIT_LOC_STRINGS = YES;
				SWIFT_VERSION = 5.0;
				TARGETED_DEVICE_FAMILY = "1,2";
			};
			name = Debug;
		};
		B127C831F0D0478499C95CD3 /* Release */ = {
			isa = XCBuildConfiguration;
			buildSettings = {
				ALWAYS_SEARCH_USER_PATHS = NO;
				CLANG_ANALYZER_NONNULL = YES;
				CLANG_ENABLE_MODULES = YES;
				CLANG_ENABLE_OBJC_ARC = YES;
				COPY_PHASE_STRIP = NO;
				DEBUG_INFORMATION_FORMAT = "dwarf-with-dsym";
				ENABLE_NS_ASSERTIONS = NO;
				ENABLE_STRICT_OBJC_MSGSEND = YES;
				GCC_NO_COMMON_BLOCKS = YES;
				IPHONEOS_DEPLOYMENT_TARGET = 17.0;
				MTL_ENABLE_DEBUG_INFO = NO;
				SDKROOT = iphoneos;
				SWIFT_OPTIMIZATION_LEVEL = "-Owholemodule";
				VALIDATE_PRODUCT = YES;
			};
			name = Release;
		};
/* End XCBuildConfiguration section */

/* Begin XCConfigurationList section */
		4BCFFCDF701245E5AB468947 /* Build configuration list for PBXProject "CalendarApp" */ = {
			isa = XCConfigurationList;
			buildConfigurations = (
				43D54F4AC6A64655BD2A6E79 /* Debug */,
				B127C831F0D0478499C95CD3 /* Release */,
			);
			defaultConfigurationIsVisible = 0;
			defaultConfigurationName = Release;
		};
		C1D440052BCE428DA8485036 /* Build configuration list for PBXNativeTarget "CalendarApp" */ = {
			isa = XCConfigurationList;
			buildConfigurations = (
				ACAE664F511B423FA7CF4B3E /* Debug */,
				37EADB358D5A4FFF9BAA2BD8 /* Release */,
			);
			defaultConfigurationIsVisible = 0;
			defaultConfigurationName = Release;
		};
/* End XCConfigurationList section */
	};
	rootObject = C881B1324E4F426CB6A667BE /* Project object */;
}
